// !$*UTF8*$!
{
	archiveVersion = 1;
	classes = {
	};
	objectVersion = 51;
	objects = {

/* Begin PBXBuildFile section */
		1B57D69B24F4AE0700497C44 /* AppDelegate.swift in Sources */ = {isa = PBXBuildFile; fileRef = 1B57D69A24F4AE0700497C44 /* AppDelegate.swift */; };
		1B57D69D24F4AE0700497C44 /* SceneDelegate.swift in Sources */ = {isa = PBXBuildFile; fileRef = 1B57D69C24F4AE0700497C44 /* SceneDelegate.swift */; };
		1B57D69F24F4AE0700497C44 /* ViewController.swift in Sources */ = {isa = PBXBuildFile; fileRef = 1B57D69E24F4AE0700497C44 /* ViewController.swift */; };
		1B57D6A424F4AE0A00497C44 /* Assets.xcassets in Resources */ = {isa = PBXBuildFile; fileRef = 1B57D6A324F4AE0A00497C44 /* Assets.xcassets */; };
		1B57D6B024F4AED000497C44 /* BaseTabBarController.swift in Sources */ = {isa = PBXBuildFile; fileRef = 1B57D6AF24F4AED000497C44 /* BaseTabBarController.swift */; };
		1B57D6B224F4C2CC00497C44 /* AppSearchController.swift in Sources */ = {isa = PBXBuildFile; fileRef = 1B57D6B124F4C2CC00497C44 /* AppSearchController.swift */; };
		1B57D6B524F611E500497C44 /* SearchResultCell.swift in Sources */ = {isa = PBXBuildFile; fileRef = 1B57D6B424F611E500497C44 /* SearchResultCell.swift */; };
		1B57D6B824F6136F00497C44 /* Extensions.swift in Sources */ = {isa = PBXBuildFile; fileRef = 1B57D6B724F6136F00497C44 /* Extensions.swift */; };
		1B57D6BA24F7524300497C44 /* VerticalStackView.swift in Sources */ = {isa = PBXBuildFile; fileRef = 1B57D6B924F7524300497C44 /* VerticalStackView.swift */; };
		1B57D6BD24F75D0D00497C44 /* SearchResult.swift in Sources */ = {isa = PBXBuildFile; fileRef = 1B57D6BC24F75D0D00497C44 /* SearchResult.swift */; };
		1B71D6C225008FC100535455 /* GamesFeed.swift in Sources */ = {isa = PBXBuildFile; fileRef = 1B71D6C125008FC100535455 /* GamesFeed.swift */; };
		1B88804B24FACB1A009B6C0F /* NetworkService.swift in Sources */ = {isa = PBXBuildFile; fileRef = 1B88804A24FACB1A009B6C0F /* NetworkService.swift */; };
		1B88804D24FB7B4A009B6C0F /* SearchSectionHeader.swift in Sources */ = {isa = PBXBuildFile; fileRef = 1B88804C24FB7B4A009B6C0F /* SearchSectionHeader.swift */; };
		1B88804F24FB7F70009B6C0F /* DiscoverCell.swift in Sources */ = {isa = PBXBuildFile; fileRef = 1B88804E24FB7F70009B6C0F /* DiscoverCell.swift */; };
		1B88805224FC996C009B6C0F /* AppsController.swift in Sources */ = {isa = PBXBuildFile; fileRef = 1B88805124FC996C009B6C0F /* AppsController.swift */; };
		1B88805724FC9CCC009B6C0F /* AppGroupCell.swift in Sources */ = {isa = PBXBuildFile; fileRef = 1B88805624FC9CCC009B6C0F /* AppGroupCell.swift */; };
		1B88805924FC9F9E009B6C0F /* AppHorizontalController.swift in Sources */ = {isa = PBXBuildFile; fileRef = 1B88805824FC9F9E009B6C0F /* AppHorizontalController.swift */; };
		1B88805B24FC9FFB009B6C0F /* BaseListController.swift in Sources */ = {isa = PBXBuildFile; fileRef = 1B88805A24FC9FFB009B6C0F /* BaseListController.swift */; };
		1B88805D24FDE324009B6C0F /* AppRowCell.swift in Sources */ = {isa = PBXBuildFile; fileRef = 1B88805C24FDE324009B6C0F /* AppRowCell.swift */; };
		1B88805F24FF3481009B6C0F /* AppSectionHeader.swift in Sources */ = {isa = PBXBuildFile; fileRef = 1B88805E24FF3481009B6C0F /* AppSectionHeader.swift */; };
		1B88806124FF3686009B6C0F /* HeaderHorizontalController.swift in Sources */ = {isa = PBXBuildFile; fileRef = 1B88806024FF3686009B6C0F /* HeaderHorizontalController.swift */; };
		1B88806324FF3DA4009B6C0F /* AppHeaderCell.swift in Sources */ = {isa = PBXBuildFile; fileRef = 1B88806224FF3DA4009B6C0F /* AppHeaderCell.swift */; };
		37220EB68DCC1B36D8679D8F /* Pods_appstore_clone.framework in Frameworks */ = {isa = PBXBuildFile; fileRef = D4ADFA78234479B5DF229EAA /* Pods_appstore_clone.framework */; };
/* End PBXBuildFile section */

/* Begin PBXFileReference section */
		0B03D8AC6C95C7FBCA912E78 /* Pods-appstore_clone.release.xcconfig */ = {isa = PBXFileReference; includeInIndex = 1; lastKnownFileType = text.xcconfig; name = "Pods-appstore_clone.release.xcconfig"; path = "Target Support Files/Pods-appstore_clone/Pods-appstore_clone.release.xcconfig"; sourceTree = "<group>"; };
		1B57D69724F4AE0700497C44 /* appstore_clone.app */ = {isa = PBXFileReference; explicitFileType = wrapper.application; includeInIndex = 0; path = appstore_clone.app; sourceTree = BUILT_PRODUCTS_DIR; };
		1B57D69A24F4AE0700497C44 /* AppDelegate.swift */ = {isa = PBXFileReference; lastKnownFileType = sourcecode.swift; path = AppDelegate.swift; sourceTree = "<group>"; };
		1B57D69C24F4AE0700497C44 /* SceneDelegate.swift */ = {isa = PBXFileReference; lastKnownFileType = sourcecode.swift; path = SceneDelegate.swift; sourceTree = "<group>"; };
		1B57D69E24F4AE0700497C44 /* ViewController.swift */ = {isa = PBXFileReference; lastKnownFileType = sourcecode.swift; path = ViewController.swift; sourceTree = "<group>"; };
		1B57D6A324F4AE0A00497C44 /* Assets.xcassets */ = {isa = PBXFileReference; lastKnownFileType = folder.assetcatalog; path = Assets.xcassets; sourceTree = "<group>"; };
		1B57D6A824F4AE0A00497C44 /* Info.plist */ = {isa = PBXFileReference; lastKnownFileType = text.plist.xml; path = Info.plist; sourceTree = "<group>"; };
		1B57D6AF24F4AED000497C44 /* BaseTabBarController.swift */ = {isa = PBXFileReference; lastKnownFileType = sourcecode.swift; path = BaseTabBarController.swift; sourceTree = "<group>"; };
		1B57D6B124F4C2CC00497C44 /* AppSearchController.swift */ = {isa = PBXFileReference; lastKnownFileType = sourcecode.swift; path = AppSearchController.swift; sourceTree = "<group>"; };
		1B57D6B424F611E500497C44 /* SearchResultCell.swift */ = {isa = PBXFileReference; lastKnownFileType = sourcecode.swift; path = SearchResultCell.swift; sourceTree = "<group>"; };
		1B57D6B724F6136F00497C44 /* Extensions.swift */ = {isa = PBXFileReference; lastKnownFileType = sourcecode.swift; path = Extensions.swift; sourceTree = "<group>"; };
		1B57D6B924F7524300497C44 /* VerticalStackView.swift */ = {isa = PBXFileReference; lastKnownFileType = sourcecode.swift; path = VerticalStackView.swift; sourceTree = "<group>"; };
		1B57D6BC24F75D0D00497C44 /* SearchResult.swift */ = {isa = PBXFileReference; lastKnownFileType = sourcecode.swift; path = SearchResult.swift; sourceTree = "<group>"; };
		1B71D6C125008FC100535455 /* GamesFeed.swift */ = {isa = PBXFileReference; lastKnownFileType = sourcecode.swift; path = GamesFeed.swift; sourceTree = "<group>"; };
		1B88804A24FACB1A009B6C0F /* NetworkService.swift */ = {isa = PBXFileReference; lastKnownFileType = sourcecode.swift; path = NetworkService.swift; sourceTree = "<group>"; };
		1B88804C24FB7B4A009B6C0F /* SearchSectionHeader.swift */ = {isa = PBXFileReference; lastKnownFileType = sourcecode.swift; path = SearchSectionHeader.swift; sourceTree = "<group>"; };
		1B88804E24FB7F70009B6C0F /* DiscoverCell.swift */ = {isa = PBXFileReference; lastKnownFileType = sourcecode.swift; path = DiscoverCell.swift; sourceTree = "<group>"; };
		1B88805124FC996C009B6C0F /* AppsController.swift */ = {isa = PBXFileReference; lastKnownFileType = sourcecode.swift; path = AppsController.swift; sourceTree = "<group>"; };
		1B88805624FC9CCC009B6C0F /* AppGroupCell.swift */ = {isa = PBXFileReference; lastKnownFileType = sourcecode.swift; path = AppGroupCell.swift; sourceTree = "<group>"; };
		1B88805824FC9F9E009B6C0F /* AppHorizontalController.swift */ = {isa = PBXFileReference; lastKnownFileType = sourcecode.swift; path = AppHorizontalController.swift; sourceTree = "<group>"; };
		1B88805A24FC9FFB009B6C0F /* BaseListController.swift */ = {isa = PBXFileReference; lastKnownFileType = sourcecode.swift; path = BaseListController.swift; sourceTree = "<group>"; };
		1B88805C24FDE324009B6C0F /* AppRowCell.swift */ = {isa = PBXFileReference; lastKnownFileType = sourcecode.swift; path = AppRowCell.swift; sourceTree = "<group>"; };
		1B88805E24FF3481009B6C0F /* AppSectionHeader.swift */ = {isa = PBXFileReference; lastKnownFileType = sourcecode.swift; path = AppSectionHeader.swift; sourceTree = "<group>"; };
		1B88806024FF3686009B6C0F /* HeaderHorizontalController.swift */ = {isa = PBXFileReference; lastKnownFileType = sourcecode.swift; path = HeaderHorizontalController.swift; sourceTree = "<group>"; };
		1B88806224FF3DA4009B6C0F /* AppHeaderCell.swift */ = {isa = PBXFileReference; lastKnownFileType = sourcecode.swift; path = AppHeaderCell.swift; sourceTree = "<group>"; };
		3AF3630E3CFDC01420EC986E /* Pods-appstore_clone.debug.xcconfig */ = {isa = PBXFileReference; includeInIndex = 1; lastKnownFileType = text.xcconfig; name = "Pods-appstore_clone.debug.xcconfig"; path = "Target Support Files/Pods-appstore_clone/Pods-appstore_clone.debug.xcconfig"; sourceTree = "<group>"; };
		D4ADFA78234479B5DF229EAA /* Pods_appstore_clone.framework */ = {isa = PBXFileReference; explicitFileType = wrapper.framework; includeInIndex = 0; path = Pods_appstore_clone.framework; sourceTree = BUILT_PRODUCTS_DIR; };
/* End PBXFileReference section */

/* Begin PBXFrameworksBuildPhase section */
		1B57D69424F4AE0700497C44 /* Frameworks */ = {
			isa = PBXFrameworksBuildPhase;
			buildActionMask = 2147483647;
			files = (
				37220EB68DCC1B36D8679D8F /* Pods_appstore_clone.framework in Frameworks */,
			);
			runOnlyForDeploymentPostprocessing = 0;
		};
/* End PBXFrameworksBuildPhase section */

/* Begin PBXGroup section */
		1B57D68E24F4AE0700497C44 = {
			isa = PBXGroup;
			children = (
				1B57D69924F4AE0700497C44 /* appstore_clone */,
				1B57D69824F4AE0700497C44 /* Products */,
				2BDDFEF8E96F723D86BB5192 /* Pods */,
				5D1CD65E150D213E82804990 /* Frameworks */,
			);
			sourceTree = "<group>";
		};
		1B57D69824F4AE0700497C44 /* Products */ = {
			isa = PBXGroup;
			children = (
				1B57D69724F4AE0700497C44 /* appstore_clone.app */,
			);
			name = Products;
			sourceTree = "<group>";
		};
		1B57D69924F4AE0700497C44 /* appstore_clone */ = {
			isa = PBXGroup;
			children = (
				1B88804924FACB05009B6C0F /* Service */,
				1B57D6BB24F75D0000497C44 /* Model */,
				1B57D6B624F6136200497C44 /* Helpers */,
				1B57D6B324F611D000497C44 /* Views */,
				1B57D6AE24F4AEBC00497C44 /* ViewControllers */,
				1B57D69A24F4AE0700497C44 /* AppDelegate.swift */,
				1B57D69C24F4AE0700497C44 /* SceneDelegate.swift */,
				1B57D69E24F4AE0700497C44 /* ViewController.swift */,
				1B57D6A324F4AE0A00497C44 /* Assets.xcassets */,
				1B57D6A824F4AE0A00497C44 /* Info.plist */,
			);
			path = appstore_clone;
			sourceTree = "<group>";
		};
		1B57D6AE24F4AEBC00497C44 /* ViewControllers */ = {
			isa = PBXGroup;
			children = (
				1B88805324FC999C009B6C0F /* Search */,
				1B88805024FC9959009B6C0F /* Apps */,
				1B57D6AF24F4AED000497C44 /* BaseTabBarController.swift */,
				1B88805A24FC9FFB009B6C0F /* BaseListController.swift */,
			);
			path = ViewControllers;
			sourceTree = "<group>";
		};
		1B57D6B324F611D000497C44 /* Views */ = {
			isa = PBXGroup;
			children = (
				1B88805524FC9CBE009B6C0F /* Apps */,
				1B88805424FC9CB0009B6C0F /* Search */,
			);
			path = Views;
			sourceTree = "<group>";
		};
		1B57D6B624F6136200497C44 /* Helpers */ = {
			isa = PBXGroup;
			children = (
				1B57D6B724F6136F00497C44 /* Extensions.swift */,
				1B57D6B924F7524300497C44 /* VerticalStackView.swift */,
			);
			path = Helpers;
			sourceTree = "<group>";
		};
		1B57D6BB24F75D0000497C44 /* Model */ = {
			isa = PBXGroup;
			children = (
				1B57D6BC24F75D0D00497C44 /* SearchResult.swift */,
				1B71D6C125008FC100535455 /* GamesFeed.swift */,
			);
			path = Model;
			sourceTree = "<group>";
		};
		1B88804924FACB05009B6C0F /* Service */ = {
			isa = PBXGroup;
			children = (
				1B88804A24FACB1A009B6C0F /* NetworkService.swift */,
			);
			path = Service;
			sourceTree = "<group>";
		};
		1B88805024FC9959009B6C0F /* Apps */ = {
			isa = PBXGroup;
			children = (
				1B88805124FC996C009B6C0F /* AppsController.swift */,
				1B88805824FC9F9E009B6C0F /* AppHorizontalController.swift */,
				1B88806024FF3686009B6C0F /* HeaderHorizontalController.swift */,
			);
			path = Apps;
			sourceTree = "<group>";
		};
		1B88805324FC999C009B6C0F /* Search */ = {
			isa = PBXGroup;
			children = (
				1B57D6B124F4C2CC00497C44 /* AppSearchController.swift */,
			);
			path = Search;
			sourceTree = "<group>";
		};
		1B88805424FC9CB0009B6C0F /* Search */ = {
			isa = PBXGroup;
			children = (
				1B57D6B424F611E500497C44 /* SearchResultCell.swift */,
				1B88804E24FB7F70009B6C0F /* DiscoverCell.swift */,
				1B88804C24FB7B4A009B6C0F /* SearchSectionHeader.swift */,
			);
			path = Search;
			sourceTree = "<group>";
		};
		1B88805524FC9CBE009B6C0F /* Apps */ = {
			isa = PBXGroup;
			children = (
				1B88805624FC9CCC009B6C0F /* AppGroupCell.swift */,
				1B88805C24FDE324009B6C0F /* AppRowCell.swift */,
				1B88805E24FF3481009B6C0F /* AppSectionHeader.swift */,
				1B88806224FF3DA4009B6C0F /* AppHeaderCell.swift */,
			);
			path = Apps;
			sourceTree = "<group>";
		};
		2BDDFEF8E96F723D86BB5192 /* Pods */ = {
			isa = PBXGroup;
			children = (
				3AF3630E3CFDC01420EC986E /* Pods-appstore_clone.debug.xcconfig */,
				0B03D8AC6C95C7FBCA912E78 /* Pods-appstore_clone.release.xcconfig */,
			);
			path = Pods;
			sourceTree = "<group>";
		};
		5D1CD65E150D213E82804990 /* Frameworks */ = {
			isa = PBXGroup;
			children = (
				D4ADFA78234479B5DF229EAA /* Pods_appstore_clone.framework */,
			);
			name = Frameworks;
			sourceTree = "<group>";
		};
/* End PBXGroup section */

/* Begin PBXNativeTarget section */
		1B57D69624F4AE0700497C44 /* appstore_clone */ = {
			isa = PBXNativeTarget;
			buildConfigurationList = 1B57D6AB24F4AE0A00497C44 /* Build configuration list for PBXNativeTarget "appstore_clone" */;
			buildPhases = (
				58113F6C617BC1159472C4CB /* [CP] Check Pods Manifest.lock */,
				1B57D69324F4AE0700497C44 /* Sources */,
				1B57D69424F4AE0700497C44 /* Frameworks */,
				1B57D69524F4AE0700497C44 /* Resources */,
				1086C48EA8625A52D5D91C04 /* [CP] Embed Pods Frameworks */,
			);
			buildRules = (
			);
			dependencies = (
			);
			name = appstore_clone;
			productName = appstore_clone;
			productReference = 1B57D69724F4AE0700497C44 /* appstore_clone.app */;
			productType = "com.apple.product-type.application";
		};
/* End PBXNativeTarget section */

/* Begin PBXProject section */
		1B57D68F24F4AE0700497C44 /* Project object */ = {
			isa = PBXProject;
			attributes = {
				LastSwiftUpdateCheck = 1150;
				LastUpgradeCheck = 1150;
				ORGANIZATIONNAME = "Vinh Le";
				TargetAttributes = {
					1B57D69624F4AE0700497C44 = {
						CreatedOnToolsVersion = 11.5;
					};
				};
			};
			buildConfigurationList = 1B57D69224F4AE0700497C44 /* Build configuration list for PBXProject "appstore_clone" */;
			compatibilityVersion = "Xcode 9.3";
			developmentRegion = en;
			hasScannedForEncodings = 0;
			knownRegions = (
				en,
				Base,
			);
			mainGroup = 1B57D68E24F4AE0700497C44;
			productRefGroup = 1B57D69824F4AE0700497C44 /* Products */;
			projectDirPath = "";
			projectRoot = "";
			targets = (
				1B57D69624F4AE0700497C44 /* appstore_clone */,
			);
		};
/* End PBXProject section */

/* Begin PBXResourcesBuildPhase section */
		1B57D69524F4AE0700497C44 /* Resources */ = {
			isa = PBXResourcesBuildPhase;
			buildActionMask = 2147483647;
			files = (
				1B57D6A424F4AE0A00497C44 /* Assets.xcassets in Resources */,
			);
			runOnlyForDeploymentPostprocessing = 0;
		};
/* End PBXResourcesBuildPhase section */

/* Begin PBXShellScriptBuildPhase section */
		1086C48EA8625A52D5D91C04 /* [CP] Embed Pods Frameworks */ = {
			isa = PBXShellScriptBuildPhase;
			buildActionMask = 2147483647;
			files = (
			);
			inputFileListPaths = (
				"${PODS_ROOT}/Target Support Files/Pods-appstore_clone/Pods-appstore_clone-frameworks-${CONFIGURATION}-input-files.xcfilelist",
			);
			name = "[CP] Embed Pods Frameworks";
			outputFileListPaths = (
				"${PODS_ROOT}/Target Support Files/Pods-appstore_clone/Pods-appstore_clone-frameworks-${CONFIGURATION}-output-files.xcfilelist",
			);
			runOnlyForDeploymentPostprocessing = 0;
			shellPath = /bin/sh;
			shellScript = "\"${PODS_ROOT}/Target Support Files/Pods-appstore_clone/Pods-appstore_clone-frameworks.sh\"\n";
			showEnvVarsInLog = 0;
		};
		58113F6C617BC1159472C4CB /* [CP] Check Pods Manifest.lock */ = {
			isa = PBXShellScriptBuildPhase;
			buildActionMask = 2147483647;
			files = (
			);
			inputFileListPaths = (
			);
			inputPaths = (
				"${PODS_PODFILE_DIR_PATH}/Podfile.lock",
				"${PODS_ROOT}/Manifest.lock",
			);
			name = "[CP] Check Pods Manifest.lock";
			outputFileListPaths = (
			);
			outputPaths = (
				"$(DERIVED_FILE_DIR)/Pods-appstore_clone-checkManifestLockResult.txt",
			);
			runOnlyForDeploymentPostprocessing = 0;
			shellPath = /bin/sh;
			shellScript = "diff \"${PODS_PODFILE_DIR_PATH}/Podfile.lock\" \"${PODS_ROOT}/Manifest.lock\" > /dev/null\nif [ $? != 0 ] ; then\n    # print error to STDERR\n    echo \"error: The sandbox is not in sync with the Podfile.lock. Run 'pod install' or update your CocoaPods installation.\" >&2\n    exit 1\nfi\n# This output is used by Xcode 'outputs' to avoid re-running this script phase.\necho \"SUCCESS\" > \"${SCRIPT_OUTPUT_FILE_0}\"\n";
			showEnvVarsInLog = 0;
		};
/* End PBXShellScriptBuildPhase section */

/* Begin PBXSourcesBuildPhase section */
		1B57D69324F4AE0700497C44 /* Sources */ = {
			isa = PBXSourcesBuildPhase;
			buildActionMask = 2147483647;
			files = (
				1B88806124FF3686009B6C0F /* HeaderHorizontalController.swift in Sources */,
				1B88804B24FACB1A009B6C0F /* NetworkService.swift in Sources */,
				1B57D6B024F4AED000497C44 /* BaseTabBarController.swift in Sources */,
				1B57D6BD24F75D0D00497C44 /* SearchResult.swift in Sources */,
				1B71D6C225008FC100535455 /* GamesFeed.swift in Sources */,
				1B88804D24FB7B4A009B6C0F /* SearchSectionHeader.swift in Sources */,
				1B88805F24FF3481009B6C0F /* AppSectionHeader.swift in Sources */,
				1B88805924FC9F9E009B6C0F /* AppHorizontalController.swift in Sources */,
				1B88804F24FB7F70009B6C0F /* DiscoverCell.swift in Sources */,
				1B57D6B224F4C2CC00497C44 /* AppSearchController.swift in Sources */,
				1B57D69F24F4AE0700497C44 /* ViewController.swift in Sources */,
				1B57D69B24F4AE0700497C44 /* AppDelegate.swift in Sources */,
				1B88805224FC996C009B6C0F /* AppsController.swift in Sources */,
				1B88806324FF3DA4009B6C0F /* AppHeaderCell.swift in Sources */,
				1B57D6B524F611E500497C44 /* SearchResultCell.swift in Sources */,
				1B57D6BA24F7524300497C44 /* VerticalStackView.swift in Sources */,
				1B57D69D24F4AE0700497C44 /* SceneDelegate.swift in Sources */,
				1B57D6B824F6136F00497C44 /* Extensions.swift in Sources */,
				1B88805B24FC9FFB009B6C0F /* BaseListController.swift in Sources */,
				1B88805724FC9CCC009B6C0F /* AppGroupCell.swift in Sources */,
				1B88805D24FDE324009B6C0F /* AppRowCell.swift in Sources */,
			);
			runOnlyForDeploymentPostprocessing = 0;
		};
/* End PBXSourcesBuildPhase section */

/* Begin XCBuildConfiguration section */
		1B57D6A924F4AE0A00497C44 /* Debug */ = {
			isa = XCBuildConfiguration;
			buildSettings = {
				ALWAYS_SEARCH_USER_PATHS = NO;
				CLANG_ANALYZER_NONNULL = YES;
				CLANG_ANALYZER_NUMBER_OBJECT_CONVERSION = YES_AGGRESSIVE;
				CLANG_CXX_LANGUAGE_STANDARD = "gnu++14";
				CLANG_CXX_LIBRARY = "libc++";
				CLANG_ENABLE_MODULES = YES;
				CLANG_ENABLE_OBJC_ARC = YES;
				CLANG_ENABLE_OBJC_WEAK = YES;
				CLANG_WARN_BLOCK_CAPTURE_AUTORELEASING = YES;
				CLANG_WARN_BOOL_CONVERSION = YES;
				CLANG_WARN_COMMA = YES;
				CLANG_WARN_CONSTANT_CONVERSION = YES;
				CLANG_WARN_DEPRECATED_OBJC_IMPLEMENTATIONS = YES;
				CLANG_WARN_DIRECT_OBJC_ISA_USAGE = YES_ERROR;
				CLANG_WARN_DOCUMENTATION_COMMENTS = YES;
				CLANG_WARN_EMPTY_BODY = YES;
				CLANG_WARN_ENUM_CONVERSION = YES;
				CLANG_WARN_INFINITE_RECURSION = YES;
				CLANG_WARN_INT_CONVERSION = YES;
				CLANG_WARN_NON_LITERAL_NULL_CONVERSION = YES;
				CLANG_WARN_OBJC_IMPLICIT_RETAIN_SELF = YES;
				CLANG_WARN_OBJC_LITERAL_CONVERSION = YES;
				CLANG_WARN_OBJC_ROOT_CLASS = YES_ERROR;
				CLANG_WARN_RANGE_LOOP_ANALYSIS = YES;
				CLANG_WARN_STRICT_PROTOTYPES = YES;
				CLANG_WARN_SUSPICIOUS_MOVE = YES;
				CLANG_WARN_UNGUARDED_AVAILABILITY = YES_AGGRESSIVE;
				CLANG_WARN_UNREACHABLE_CODE = YES;
				CLANG_WARN__DUPLICATE_METHOD_MATCH = YES;
				COPY_PHASE_STRIP = NO;
				DEBUG_INFORMATION_FORMAT = dwarf;
				ENABLE_STRICT_OBJC_MSGSEND = YES;
				ENABLE_TESTABILITY = YES;
				GCC_C_LANGUAGE_STANDARD = gnu11;
				GCC_DYNAMIC_NO_PIC = NO;
				GCC_NO_COMMON_BLOCKS = YES;
				GCC_OPTIMIZATION_LEVEL = 0;
				GCC_PREPROCESSOR_DEFINITIONS = (
					"DEBUG=1",
					"$(inherited)",
				);
				GCC_WARN_64_TO_32_BIT_CONVERSION = YES;
				GCC_WARN_ABOUT_RETURN_TYPE = YES_ERROR;
				GCC_WARN_UNDECLARED_SELECTOR = YES;
				GCC_WARN_UNINITIALIZED_AUTOS = YES_AGGRESSIVE;
				GCC_WARN_UNUSED_FUNCTION = YES;
				GCC_WARN_UNUSED_VARIABLE = YES;
				IPHONEOS_DEPLOYMENT_TARGET = 13.5;
				MTL_ENABLE_DEBUG_INFO = INCLUDE_SOURCE;
				MTL_FAST_MATH = YES;
				ONLY_ACTIVE_ARCH = YES;
				SDKROOT = iphoneos;
				SWIFT_ACTIVE_COMPILATION_CONDITIONS = DEBUG;
				SWIFT_OPTIMIZATION_LEVEL = "-Onone";
			};
			name = Debug;
		};
		1B57D6AA24F4AE0A00497C44 /* Release */ = {
			isa = XCBuildConfiguration;
			buildSettings = {
				ALWAYS_SEARCH_USER_PATHS = NO;
				CLANG_ANALYZER_NONNULL = YES;
				CLANG_ANALYZER_NUMBER_OBJECT_CONVERSION = YES_AGGRESSIVE;
				CLANG_CXX_LANGUAGE_STANDARD = "gnu++14";
				CLANG_CXX_LIBRARY = "libc++";
				CLANG_ENABLE_MODULES = YES;
				CLANG_ENABLE_OBJC_ARC = YES;
				CLANG_ENABLE_OBJC_WEAK = YES;
				CLANG_WARN_BLOCK_CAPTURE_AUTORELEASING = YES;
				CLANG_WARN_BOOL_CONVERSION = YES;
				CLANG_WARN_COMMA = YES;
				CLANG_WARN_CONSTANT_CONVERSION = YES;
				CLANG_WARN_DEPRECATED_OBJC_IMPLEMENTATIONS = YES;
				CLANG_WARN_DIRECT_OBJC_ISA_USAGE = YES_ERROR;
				CLANG_WARN_DOCUMENTATION_COMMENTS = YES;
				CLANG_WARN_EMPTY_BODY = YES;
				CLANG_WARN_ENUM_CONVERSION = YES;
				CLANG_WARN_INFINITE_RECURSION = YES;
				CLANG_WARN_INT_CONVERSION = YES;
				CLANG_WARN_NON_LITERAL_NULL_CONVERSION = YES;
				CLANG_WARN_OBJC_IMPLICIT_RETAIN_SELF = YES;
				CLANG_WARN_OBJC_LITERAL_CONVERSION = YES;
				CLANG_WARN_OBJC_ROOT_CLASS = YES_ERROR;
				CLANG_WARN_RANGE_LOOP_ANALYSIS = YES;
				CLANG_WARN_STRICT_PROTOTYPES = YES;
				CLANG_WARN_SUSPICIOUS_MOVE = YES;
				CLANG_WARN_UNGUARDED_AVAILABILITY = YES_AGGRESSIVE;
				CLANG_WARN_UNREACHABLE_CODE = YES;
				CLANG_WARN__DUPLICATE_METHOD_MATCH = YES;
				COPY_PHASE_STRIP = NO;
				DEBUG_INFORMATION_FORMAT = "dwarf-with-dsym";
				ENABLE_NS_ASSERTIONS = NO;
				ENABLE_STRICT_OBJC_MSGSEND = YES;
				GCC_C_LANGUAGE_STANDARD = gnu11;
				GCC_NO_COMMON_BLOCKS = YES;
				GCC_WARN_64_TO_32_BIT_CONVERSION = YES;
				GCC_WARN_ABOUT_RETURN_TYPE = YES_ERROR;
				GCC_WARN_UNDECLARED_SELECTOR = YES;
				GCC_WARN_UNINITIALIZED_AUTOS = YES_AGGRESSIVE;
				GCC_WARN_UNUSED_FUNCTION = YES;
				GCC_WARN_UNUSED_VARIABLE = YES;
				IPHONEOS_DEPLOYMENT_TARGET = 13.5;
				MTL_ENABLE_DEBUG_INFO = NO;
				MTL_FAST_MATH = YES;
				SDKROOT = iphoneos;
				SWIFT_COMPILATION_MODE = wholemodule;
				SWIFT_OPTIMIZATION_LEVEL = "-O";
				VALIDATE_PRODUCT = YES;
			};
			name = Release;
		};
		1B57D6AC24F4AE0A00497C44 /* Debug */ = {
			isa = XCBuildConfiguration;
			baseConfigurationReference = 3AF3630E3CFDC01420EC986E /* Pods-appstore_clone.debug.xcconfig */;
			buildSettings = {
				ASSETCATALOG_COMPILER_APPICON_NAME = AppIcon;
				CODE_SIGN_STYLE = Automatic;
				INFOPLIST_FILE = appstore_clone/Info.plist;
				LD_RUNPATH_SEARCH_PATHS = (
					"$(inherited)",
					"@executable_path/Frameworks",
				);
				PRODUCT_BUNDLE_IDENTIFIER = "vinhle95.appstore-clone";
				PRODUCT_NAME = "$(TARGET_NAME)";
				SWIFT_VERSION = 5.0;
				TARGETED_DEVICE_FAMILY = "1,2";
			};
			name = Debug;
		};
		1B57D6AD24F4AE0A00497C44 /* Release */ = {
			isa = XCBuildConfiguration;
			baseConfigurationReference = 0B03D8AC6C95C7FBCA912E78 /* Pods-appstore_clone.release.xcconfig */;
			buildSettings = {
				ASSETCATALOG_COMPILER_APPICON_NAME = AppIcon;
				CODE_SIGN_STYLE = Automatic;
				INFOPLIST_FILE = appstore_clone/Info.plist;
				LD_RUNPATH_SEARCH_PATHS = (
					"$(inherited)",
					"@executable_path/Frameworks",
				);
				PRODUCT_BUNDLE_IDENTIFIER = "vinhle95.appstore-clone";
				PRODUCT_NAME = "$(TARGET_NAME)";
				SWIFT_VERSION = 5.0;
				TARGETED_DEVICE_FAMILY = "1,2";
			};
			name = Release;
		};
/* End XCBuildConfiguration section */

/* Begin XCConfigurationList section */
		1B57D69224F4AE0700497C44 /* Build configuration list for PBXProject "appstore_clone" */ = {
			isa = XCConfigurationList;
			buildConfigurations = (
				1B57D6A924F4AE0A00497C44 /* Debug */,
				1B57D6AA24F4AE0A00497C44 /* Release */,
			);
			defaultConfigurationIsVisible = 0;
			defaultConfigurationName = Release;
		};
		1B57D6AB24F4AE0A00497C44 /* Build configuration list for PBXNativeTarget "appstore_clone" */ = {
			isa = XCConfigurationList;
			buildConfigurations = (
				1B57D6AC24F4AE0A00497C44 /* Debug */,
				1B57D6AD24F4AE0A00497C44 /* Release */,
			);
			defaultConfigurationIsVisible = 0;
			defaultConfigurationName = Release;
		};
/* End XCConfigurationList section */
	};
	rootObject = 1B57D68F24F4AE0700497C44 /* Project object */;
}
